
Microsoft Visual Studio Solution File, Format Version 12.00
# Visual Studio Version 17
VisualStudioVersion = 17.1.32210.238
MinimumVisualStudioVersion = 10.0.40219.1
Project("{FAE04EC0-301F-11D3-BF4B-00C04F79EFBC}") = "ContactsRestAPI", "ContactsRestAPI\ContactsRestAPI.csproj", "{4F9F50F3-51C1-4479-9CFB-CA09ED660343}"
EndProject
Global
	GlobalSection(SolutionConfigurationPlatforms) = preSolution
		Debug|Any CPU = Debug|Any CPU
		Release|Any CPU = Release|Any CPU
	EndGlobalSection
	GlobalSection(ProjectConfigurationPlatforms) = postSolution
		{4F9F50F3-51C1-4479-9CFB-CA09ED660343}.Debug|Any CPU.ActiveCfg = Debug|Any CPU
		{4F9F50F3-51C1-4479-9CFB-CA09ED660343}.Debug|Any CPU.Build.0 = Debug|Any CPU
		{4F9F50F3-51C1-4479-9CFB-CA09ED660343}.Release|Any CPU.ActiveCfg = Release|Any CPU
		{4F9F50F3-51C1-4479-9CFB-CA09ED660343}.Release|Any CPU.Build.0 = Release|Any CPU
	EndGlobalSection
	GlobalSection(SolutionProperties) = preSolution
		HideSolutionNode = FALSE
	EndGlobalSection
	GlobalSection(ExtensibilityGlobals) = postSolution
		SolutionGuid = {09F24DC5-029C-4CE0-8DA1-400F6ED1C5F0}
	EndGlobalSection
EndGlobal
